schema: '2.0'
stages:
  get_data:
    cmd: python src/get_data.py
    deps:
    - path: src/get_data.py
      hash: md5
      md5: 8cb5d38756279d7e7cc6354a9329b048
      size: 624
    outs:
    - path: smsspamcollection
      hash: md5
      md5: 6a96da26fe9ed5d450b58dd97347334e.dir
      size: 687902
      nfiles: 3
  preprocession:
    cmd: python src/text_preprocessing.py
    deps:
    - path: smsspamcollection
      hash: md5
      md5: 98c8e6651ea0eec3c8dc40aa13dc0760.dir
      size: 518973
      nfiles: 3
    outs:
    - path: output/preprocessed_data.joblib
      hash: md5
      md5: 389a92e3d2bc0f8d4c5fbfb024383f0a
      size: 251372
    - path: output/preprocessor.joblib
      hash: md5
      md5: f21bdfdef7c50bf4f260ef2d81c6a7c1
      size: 128457
  preprocessing:
    cmd: python src/text_preprocessing.py
    deps:
    - path: smsspamcollection
      hash: md5
      md5: 6a96da26fe9ed5d450b58dd97347334e.dir
      size: 687902
      nfiles: 3
    outs:
    - path: output/preprocessed_data.joblib
      hash: md5
      md5: d5da9ea101f118b4716d831bc114baea
      size: 495220
    - path: output/preprocessor.joblib
      hash: md5
      md5: 076a5d8f31cebc219f82adac800e2938
      size: 192177
  train:
    cmd: python src/text_classification.py
    deps:
    - path: output/preprocessed_data.joblib
      hash: md5
      md5: d5da9ea101f118b4716d831bc114baea
      size: 495220
    outs:
    - path: output/accuracy_scores.png
      hash: md5
      md5: b989d8deb29b20a447e9744508ad614f
      size: 23882
    - path: output/misclassified_msgs.txt
      hash: md5
      md5: e633326769192557ec8f2e48cb7d7be7
      size: 81216
    - path: output/model.joblib
      hash: md5
      md5: 1a9eef464435222c3b068cc7c115b900
      size: 15193
