schema: '2.0'
stages:
  get_data:
    cmd: python src/get_data.py
    deps:
    - path: src/get_data.py
      hash: md5
      md5: 8f8d2b58e6023df2771b9cf161adb6c7
      size: 522
    outs:
    - path: smsspamcollection
      hash: md5
      md5: 5a84bb806c75cbc704c9fb17e1ba8e44.dir
      size: 604940
      nfiles: 3
  preprocession:
    cmd: python src/text_preprocessing.py
    deps:
    - path: smsspamcollection
      hash: md5
      md5: 98c8e6651ea0eec3c8dc40aa13dc0760.dir
      size: 518973
      nfiles: 3
    outs:
    - path: output/preprocessed_data.joblib
      hash: md5
      md5: 389a92e3d2bc0f8d4c5fbfb024383f0a
      size: 251372
    - path: output/preprocessor.joblib
      hash: md5
      md5: f21bdfdef7c50bf4f260ef2d81c6a7c1
      size: 128457
  preprocessing:
    cmd: python src/text_preprocessing.py
    deps:
    - path: smsspamcollection
      hash: md5
      md5: 5a84bb806c75cbc704c9fb17e1ba8e44.dir
      size: 604940
      nfiles: 3
    outs:
    - path: output/preprocessed_data.joblib
      hash: md5
      md5: 09a4ecfbd1ccf65f0d36a01697f9b5db
      size: 374988
    - path: output/preprocessor.joblib
      hash: md5
      md5: f7f3bee3e29eb0345ec12f0ceaa7c387
      size: 162673
  train:
    cmd: python src/text_classification.py
    deps:
    - path: output/preprocessed_data.joblib
      hash: md5
      md5: 09a4ecfbd1ccf65f0d36a01697f9b5db
      size: 374988
    outs:
    - path: output/accuracy_scores.png
      hash: md5
      md5: c5241e8553f5c30a52adde08950c5cbf
      size: 24000
    - path: output/misclassified_msgs.txt
      hash: md5
      md5: a12b326c193ee03a222cf6327ba33803
      size: 63308
    - path: output/model.joblib
      hash: md5
      md5: b9ab3fa7ce804982ff3662ec87456298
      size: 12313
